<?xml version="1.0" encoding="utf-8"?>
<Project ToolsVersion="4.0" xmlns="http://schemas.microsoft.com/developer/msbuild/2003">
  <ItemGroup>
    <ClCompile Include="src\glad.c">
      <Filter>Source Files</Filter>
    </ClCompile>
    <ClCompile Include="src\main.cpp">
      <Filter>Source Files</Filter>
    </ClCompile>
    <ClCompile Include="src\shaderClass.cpp">
      <Filter>Source Files</Filter>
    </ClCompile>
    <ClCompile Include="src\buffers.cpp">
      <Filter>Source Files</Filter>
    </ClCompile>
    <ClCompile Include="src\particleSystemCpu.cpp">
      <Filter>Source Files</Filter>
    </ClCompile>
  </ItemGroup>
  <ItemGroup>
    <Filter Include="Source Files">
      <UniqueIdentifier>{dfcae716-5d9e-4994-b8f3-269e5da45f02}</UniqueIdentifier>
    </Filter>
    <Filter Include="Header Files">
      <UniqueIdentifier>{19d85a98-b1c6-4c97-b295-644875c35607}</UniqueIdentifier>
    </Filter>
  </ItemGroup>
  <ItemGroup>
    <ClInclude Include="inc\shaderClass.h">
      <Filter>Header Files</Filter>
    </ClInclude>
    <ClInclude Include="inc\buffers.h">
      <Filter>Header Files</Filter>
    </ClInclude>
    <ClInclude Include="inc\particleSystemCpu.h">
      <Filter>Header Files</Filter>
    </ClInclude>
    <ClInclude Include="inc\particleSystem.h">
      <Filter>Header Files</Filter>
    </ClInclude>
    <ClInclude Include="inc\particleSystemGpu.h">
      <Filter>Header Files</Filter>
    </ClInclude>
    <ClInclude Include="inc\common.h">
      <Filter>Header Files</Filter>
    </ClInclude>
  </ItemGroup>
  <ItemGroup>
    <CudaCompile Include="src\particleSystemGpu.cu">
      <Filter>Source Files</Filter>
    </CudaCompile>
  </ItemGroup>
</Project>